# This file is autogenerated, do not edit; changes may be undone by the next 'dep ensure'.


[[projects]]
  name = "github.com/messagebird/go-rest-api"
  packages = ["."]
  revision = "722b6e09144fe3ea530fcf464f6b97c77a0e09ad"
  version = "v4.2.1"

[solve-meta]
  analyzer-name = "dep"
  analyzer-version = 1
  inputs-digest = "c0bba8f93c55d855c2b9a9eb0569d534da99e8f104977f7e2cb8eee07df8392e"
  solver-name = "gps-cdcl"
  solver-version = 1
