# This file is autogenerated, do not edit; changes may be undone by the next 'dep ensure'.


[[projects]]
  name = "github.com/davecgh/go-spew"
  packages = ["spew"]
  revision = "346938d642f2ec3594ed81d874461961cd0faa76"
  version = "v1.1.0"

[[projects]]
  name = "github.com/golang/protobuf"
  packages = ["proto"]
  revision = "b4deda0973fb4c70b50d226b1af49f3da59f5265"
  version = "v1.1.0"

[[projects]]
  name = "github.com/messagebird/go-rest-api"
  packages = ["."]
  revision = "722b6e09144fe3ea530fcf464f6b97c77a0e09ad"
  version = "v4.2.1"

[[projects]]
  name = "github.com/nyaruka/phonenumbers"
  packages = ["."]
  revision = "a90367d3be485473652f7c34e98cb79f4190c899"
  version = "v1.0.24"

[[projects]]
  name = "github.com/pmezard/go-difflib"
  packages = ["difflib"]
  revision = "792786c7400a136282c1664665ae0a8db921c6c2"
  version = "v1.0.0"

[[projects]]
  name = "github.com/stretchr/testify"
  packages = [
    "assert",
    "require"
  ]
  revision = "f35b8ab0b5a2cef36673838d662e249dd9c94686"
  version = "v1.2.2"

[[projects]]
  branch = "master"
  name = "github.com/vektra/mockery"
  packages = ["."]
  revision = "2a9162cbfb7a0f9094ed6f765d212a5ddee000d3"

[solve-meta]
  analyzer-name = "dep"
  analyzer-version = 1
  inputs-digest = "9912c42818fbed3f938ea8a210e0062975217035229df74fecf4ca30f1abc00b"
  solver-name = "gps-cdcl"
  solver-version = 1
